
Microsoft Visual Studio Solution File, Format Version 12.00
# Visual Studio Version 16
VisualStudioVersion = 16.0.28729.10
MinimumVisualStudioVersion = 10.0.40219.1
Project("{FAE04EC0-301F-11D3-BF4B-00C04F79EFBC}") = "The Wolf - Chapter02Program01.zip", "The Wolf - Chapter02Program01.zip\The Wolf - Chapter02Program01.zip.csproj", "{235C5B87-5DE5-44FF-9E7D-851964D7EA00}"
EndProject
Global
	GlobalSection(SolutionConfigurationPlatforms) = preSolution
		Debug|Any CPU = Debug|Any CPU
		Release|Any CPU = Release|Any CPU
	EndGlobalSection
	GlobalSection(ProjectConfigurationPlatforms) = postSolution
		{235C5B87-5DE5-44FF-9E7D-851964D7EA00}.Debug|Any CPU.ActiveCfg = Debug|Any CPU
		{235C5B87-5DE5-44FF-9E7D-851964D7EA00}.Debug|Any CPU.Build.0 = Debug|Any CPU
		{235C5B87-5DE5-44FF-9E7D-851964D7EA00}.Release|Any CPU.ActiveCfg = Release|Any CPU
		{235C5B87-5DE5-44FF-9E7D-851964D7EA00}.Release|Any CPU.Build.0 = Release|Any CPU
	EndGlobalSection
	GlobalSection(SolutionProperties) = preSolution
		HideSolutionNode = FALSE
	EndGlobalSection
	GlobalSection(ExtensibilityGlobals) = postSolution
		SolutionGuid = {90C5B894-C352-4CC1-880F-8FF5C3813F5F}
	EndGlobalSection
EndGlobal
