
Microsoft Visual Studio Solution File, Format Version 12.00
# Visual Studio Version 16
VisualStudioVersion = 16.0.28729.10
MinimumVisualStudioVersion = 10.0.40219.1
Project("{FAE04EC0-301F-11D3-BF4B-00C04F79EFBC}") = "Rock Paper Scissors Console", "Rock Paper Scissors Console\Rock Paper Scissors Console.csproj", "{D99E48D9-D8B2-47A3-90C1-F520D26171F6}"
EndProject
Global
	GlobalSection(SolutionConfigurationPlatforms) = preSolution
		Debug|Any CPU = Debug|Any CPU
		Release|Any CPU = Release|Any CPU
	EndGlobalSection
	GlobalSection(ProjectConfigurationPlatforms) = postSolution
		{D99E48D9-D8B2-47A3-90C1-F520D26171F6}.Debug|Any CPU.ActiveCfg = Debug|Any CPU
		{D99E48D9-D8B2-47A3-90C1-F520D26171F6}.Debug|Any CPU.Build.0 = Debug|Any CPU
		{D99E48D9-D8B2-47A3-90C1-F520D26171F6}.Release|Any CPU.ActiveCfg = Release|Any CPU
		{D99E48D9-D8B2-47A3-90C1-F520D26171F6}.Release|Any CPU.Build.0 = Release|Any CPU
	EndGlobalSection
	GlobalSection(SolutionProperties) = preSolution
		HideSolutionNode = FALSE
	EndGlobalSection
	GlobalSection(ExtensibilityGlobals) = postSolution
		SolutionGuid = {701D0CDF-3B8C-4C73-B187-79E6FB150CA3}
	EndGlobalSection
EndGlobal
