
Microsoft Visual Studio Solution File, Format Version 12.00
# Visual Studio Version 16
VisualStudioVersion = 16.0.28729.10
MinimumVisualStudioVersion = 10.0.40219.1
Project("{FAE04EC0-301F-11D3-BF4B-00C04F79EFBC}") = "The Wolf Windows App", "The Wolf Windows App\The Wolf Windows App.csproj", "{CDFE9AB8-3EC2-47BB-8905-F5DF00267853}"
EndProject
Global
	GlobalSection(SolutionConfigurationPlatforms) = preSolution
		Debug|Any CPU = Debug|Any CPU
		Release|Any CPU = Release|Any CPU
	EndGlobalSection
	GlobalSection(ProjectConfigurationPlatforms) = postSolution
		{CDFE9AB8-3EC2-47BB-8905-F5DF00267853}.Debug|Any CPU.ActiveCfg = Debug|Any CPU
		{CDFE9AB8-3EC2-47BB-8905-F5DF00267853}.Debug|Any CPU.Build.0 = Debug|Any CPU
		{CDFE9AB8-3EC2-47BB-8905-F5DF00267853}.Release|Any CPU.ActiveCfg = Release|Any CPU
		{CDFE9AB8-3EC2-47BB-8905-F5DF00267853}.Release|Any CPU.Build.0 = Release|Any CPU
	EndGlobalSection
	GlobalSection(SolutionProperties) = preSolution
		HideSolutionNode = FALSE
	EndGlobalSection
	GlobalSection(ExtensibilityGlobals) = postSolution
		SolutionGuid = {480AC927-9F69-4F5D-B068-153E5D711F5F}
	EndGlobalSection
EndGlobal
